
Microsoft Visual Studio Solution File, Format Version 12.00
# Visual Studio Version 17
VisualStudioVersion = 17.0.31903.59
MinimumVisualStudioVersion = 10.0.40219.1
Project("{FAE04EC0-301F-11D3-BF4B-00C04F79EFBC}") = "RibasBarberShop.Domain", "RibasBarberShop.Domain\RibasBarberShop.Domain.csproj", "{D15E26A9-705B-4841-9735-FDCCDBA390F7}"
EndProject
Project("{FAE04EC0-301F-11D3-BF4B-00C04F79EFBC}") = "RibasBarberShop.Infrastructure", "RibasBarberShop.Infrastructure\RibasBarberShop.Infrastructure.csproj", "{A53B830D-BE0D-4C47-B890-2F6AF1E461D3}"
EndProject
Project("{FAE04EC0-301F-11D3-BF4B-00C04F79EFBC}") = "RibasBarberShop.WebApi", "RibasBarberShop.WebApi\RibasBarberShop.WebApi.csproj", "{70BA3CE9-4B79-44CD-A81A-57961CF7540D}"
EndProject
Global
	GlobalSection(SolutionConfigurationPlatforms) = preSolution
		Debug|Any CPU = Debug|Any CPU
		Release|Any CPU = Release|Any CPU
	EndGlobalSection
	GlobalSection(SolutionProperties) = preSolution
		HideSolutionNode = FALSE
	EndGlobalSection
	GlobalSection(ProjectConfigurationPlatforms) = postSolution
		{D15E26A9-705B-4841-9735-FDCCDBA390F7}.Debug|Any CPU.ActiveCfg = Debug|Any CPU
		{D15E26A9-705B-4841-9735-FDCCDBA390F7}.Debug|Any CPU.Build.0 = Debug|Any CPU
		{D15E26A9-705B-4841-9735-FDCCDBA390F7}.Release|Any CPU.ActiveCfg = Release|Any CPU
		{D15E26A9-705B-4841-9735-FDCCDBA390F7}.Release|Any CPU.Build.0 = Release|Any CPU
		{A53B830D-BE0D-4C47-B890-2F6AF1E461D3}.Debug|Any CPU.ActiveCfg = Debug|Any CPU
		{A53B830D-BE0D-4C47-B890-2F6AF1E461D3}.Debug|Any CPU.Build.0 = Debug|Any CPU
		{A53B830D-BE0D-4C47-B890-2F6AF1E461D3}.Release|Any CPU.ActiveCfg = Release|Any CPU
		{A53B830D-BE0D-4C47-B890-2F6AF1E461D3}.Release|Any CPU.Build.0 = Release|Any CPU
		{70BA3CE9-4B79-44CD-A81A-57961CF7540D}.Debug|Any CPU.ActiveCfg = Debug|Any CPU
		{70BA3CE9-4B79-44CD-A81A-57961CF7540D}.Debug|Any CPU.Build.0 = Debug|Any CPU
		{70BA3CE9-4B79-44CD-A81A-57961CF7540D}.Release|Any CPU.ActiveCfg = Release|Any CPU
		{70BA3CE9-4B79-44CD-A81A-57961CF7540D}.Release|Any CPU.Build.0 = Release|Any CPU
	EndGlobalSection
EndGlobal
